
Microsoft Visual Studio Solution File, Format Version 12.00
# Visual Studio 15
VisualStudioVersion = 15.0.26430.16
MinimumVisualStudioVersion = 10.0.40219.1
Project("{FAE04EC0-301F-11D3-BF4B-00C04F79EFBC}") = "RucheHome.Automation.Talkers", "src\RucheHome.Automation.Talkers\RucheHome.Automation.Talkers.csproj", "{44F2FF62-F248-4B1A-9F9E-1CEEFDE5E6E6}"
EndProject
Project("{2150E333-8FDC-42A3-9474-1A3956D46DE8}") = "src", "src", "{87905CE9-795C-44B6-86AA-1DA5A1D2F3B9}"
EndProject
Project("{2150E333-8FDC-42A3-9474-1A3956D46DE8}") = "test", "test", "{2EBE5B3F-BD10-4056-B386-B251471D02E8}"
EndProject
Project("{FAE04EC0-301F-11D3-BF4B-00C04F79EFBC}") = "RucheHome.Automation.Talkers.AITalkEx", "src\RucheHome.Automation.Talkers.AITalkEx\RucheHome.Automation.Talkers.AITalkEx.csproj", "{7B3AD7E7-FC97-422B-9B3B-DD5471EAFF83}"
EndProject
Project("{FAE04EC0-301F-11D3-BF4B-00C04F79EFBC}") = "RucheHome.Core", "src\RucheHome.Core\RucheHome.Core.csproj", "{33AB6685-2E0E-49E2-86FE-15385EC365C6}"
EndProject
Project("{FAE04EC0-301F-11D3-BF4B-00C04F79EFBC}") = "RucheHome.Windows", "src\RucheHome.Windows\RucheHome.Windows.csproj", "{2FE0815F-364A-409E-A34E-39880676A693}"
EndProject
Project("{FAE04EC0-301F-11D3-BF4B-00C04F79EFBC}") = "RucheHome.Automation.Talkers.Voiceroid2", "src\RucheHome.Automation.Talkers.Voiceroid2\RucheHome.Automation.Talkers.Voiceroid2.csproj", "{7F61A3DE-15C7-4B95-A797-718F1DD063F6}"
EndProject
Project("{FAE04EC0-301F-11D3-BF4B-00C04F79EFBC}") = "RucheHome.Automation.Talkers.Friendly", "src\RucheHome.Automation.Talkers.Friendly\RucheHome.Automation.Talkers.Friendly.csproj", "{55B9ED13-F7F6-4A9A-9408-9C4449D50350}"
EndProject
Project("{FAE04EC0-301F-11D3-BF4B-00C04F79EFBC}") = "RucheHome.Automation.Talkers.CeVIO", "src\RucheHome.Automation.Talkers.CeVIO\RucheHome.Automation.Talkers.CeVIO.csproj", "{AA29CE29-4FE9-47AB-96CB-AB7B68F42FBB}"
EndProject
Project("{FAE04EC0-301F-11D3-BF4B-00C04F79EFBC}") = "RucheHome.Tests.Automation.Talkers", "test\RucheHome.Tests.Automation.Talkers\RucheHome.Tests.Automation.Talkers.csproj", "{A5F01152-B185-454A-B9B1-10E0E60B5C6D}"
EndProject
Project("{FAE04EC0-301F-11D3-BF4B-00C04F79EFBC}") = "RucheHome.Automation.Friendly", "src\RucheHome.Automation.Friendly\RucheHome.Automation.Friendly.csproj", "{1D283799-8D58-4377-BD05-383F0A2F7A73}"
EndProject
Project("{FAE04EC0-301F-11D3-BF4B-00C04F79EFBC}") = "RucheHome.Automation", "src\RucheHome.Automation\RucheHome.Automation.csproj", "{3240FED0-0230-475A-B212-2F3B3096C3AF}"
EndProject
Global
	GlobalSection(SolutionConfigurationPlatforms) = preSolution
		Debug|x86 = Debug|x86
		Release|x86 = Release|x86
	EndGlobalSection
	GlobalSection(ProjectConfigurationPlatforms) = postSolution
		{44F2FF62-F248-4B1A-9F9E-1CEEFDE5E6E6}.Debug|x86.ActiveCfg = Debug|Any CPU
		{44F2FF62-F248-4B1A-9F9E-1CEEFDE5E6E6}.Debug|x86.Build.0 = Debug|Any CPU
		{44F2FF62-F248-4B1A-9F9E-1CEEFDE5E6E6}.Release|x86.ActiveCfg = Release|Any CPU
		{44F2FF62-F248-4B1A-9F9E-1CEEFDE5E6E6}.Release|x86.Build.0 = Release|Any CPU
		{7B3AD7E7-FC97-422B-9B3B-DD5471EAFF83}.Debug|x86.ActiveCfg = Debug|x86
		{7B3AD7E7-FC97-422B-9B3B-DD5471EAFF83}.Debug|x86.Build.0 = Debug|x86
		{7B3AD7E7-FC97-422B-9B3B-DD5471EAFF83}.Release|x86.ActiveCfg = Release|x86
		{7B3AD7E7-FC97-422B-9B3B-DD5471EAFF83}.Release|x86.Build.0 = Release|x86
		{33AB6685-2E0E-49E2-86FE-15385EC365C6}.Debug|x86.ActiveCfg = Debug|Any CPU
		{33AB6685-2E0E-49E2-86FE-15385EC365C6}.Debug|x86.Build.0 = Debug|Any CPU
		{33AB6685-2E0E-49E2-86FE-15385EC365C6}.Release|x86.ActiveCfg = Release|Any CPU
		{33AB6685-2E0E-49E2-86FE-15385EC365C6}.Release|x86.Build.0 = Release|Any CPU
		{2FE0815F-364A-409E-A34E-39880676A693}.Debug|x86.ActiveCfg = Debug|Any CPU
		{2FE0815F-364A-409E-A34E-39880676A693}.Debug|x86.Build.0 = Debug|Any CPU
		{2FE0815F-364A-409E-A34E-39880676A693}.Release|x86.ActiveCfg = Release|Any CPU
		{2FE0815F-364A-409E-A34E-39880676A693}.Release|x86.Build.0 = Release|Any CPU
		{7F61A3DE-15C7-4B95-A797-718F1DD063F6}.Debug|x86.ActiveCfg = Debug|x86
		{7F61A3DE-15C7-4B95-A797-718F1DD063F6}.Debug|x86.Build.0 = Debug|x86
		{7F61A3DE-15C7-4B95-A797-718F1DD063F6}.Release|x86.ActiveCfg = Release|x86
		{7F61A3DE-15C7-4B95-A797-718F1DD063F6}.Release|x86.Build.0 = Release|x86
		{55B9ED13-F7F6-4A9A-9408-9C4449D50350}.Debug|x86.ActiveCfg = Debug|Any CPU
		{55B9ED13-F7F6-4A9A-9408-9C4449D50350}.Debug|x86.Build.0 = Debug|Any CPU
		{55B9ED13-F7F6-4A9A-9408-9C4449D50350}.Release|x86.ActiveCfg = Release|Any CPU
		{55B9ED13-F7F6-4A9A-9408-9C4449D50350}.Release|x86.Build.0 = Release|Any CPU
		{AA29CE29-4FE9-47AB-96CB-AB7B68F42FBB}.Debug|x86.ActiveCfg = Debug|x86
		{AA29CE29-4FE9-47AB-96CB-AB7B68F42FBB}.Debug|x86.Build.0 = Debug|x86
		{AA29CE29-4FE9-47AB-96CB-AB7B68F42FBB}.Release|x86.ActiveCfg = Release|x86
		{AA29CE29-4FE9-47AB-96CB-AB7B68F42FBB}.Release|x86.Build.0 = Release|x86
		{A5F01152-B185-454A-B9B1-10E0E60B5C6D}.Debug|x86.ActiveCfg = Debug|x86
		{A5F01152-B185-454A-B9B1-10E0E60B5C6D}.Debug|x86.Build.0 = Debug|x86
		{A5F01152-B185-454A-B9B1-10E0E60B5C6D}.Release|x86.ActiveCfg = Release|x86
		{A5F01152-B185-454A-B9B1-10E0E60B5C6D}.Release|x86.Build.0 = Release|x86
		{1D283799-8D58-4377-BD05-383F0A2F7A73}.Debug|x86.ActiveCfg = Debug|Any CPU
		{1D283799-8D58-4377-BD05-383F0A2F7A73}.Debug|x86.Build.0 = Debug|Any CPU
		{1D283799-8D58-4377-BD05-383F0A2F7A73}.Release|x86.ActiveCfg = Release|Any CPU
		{1D283799-8D58-4377-BD05-383F0A2F7A73}.Release|x86.Build.0 = Release|Any CPU
		{3240FED0-0230-475A-B212-2F3B3096C3AF}.Debug|x86.ActiveCfg = Debug|Any CPU
		{3240FED0-0230-475A-B212-2F3B3096C3AF}.Debug|x86.Build.0 = Debug|Any CPU
		{3240FED0-0230-475A-B212-2F3B3096C3AF}.Release|x86.ActiveCfg = Release|Any CPU
		{3240FED0-0230-475A-B212-2F3B3096C3AF}.Release|x86.Build.0 = Release|Any CPU
	EndGlobalSection
	GlobalSection(SolutionProperties) = preSolution
		HideSolutionNode = FALSE
	EndGlobalSection
	GlobalSection(NestedProjects) = preSolution
		{44F2FF62-F248-4B1A-9F9E-1CEEFDE5E6E6} = {87905CE9-795C-44B6-86AA-1DA5A1D2F3B9}
		{7B3AD7E7-FC97-422B-9B3B-DD5471EAFF83} = {87905CE9-795C-44B6-86AA-1DA5A1D2F3B9}
		{33AB6685-2E0E-49E2-86FE-15385EC365C6} = {87905CE9-795C-44B6-86AA-1DA5A1D2F3B9}
		{2FE0815F-364A-409E-A34E-39880676A693} = {87905CE9-795C-44B6-86AA-1DA5A1D2F3B9}
		{7F61A3DE-15C7-4B95-A797-718F1DD063F6} = {87905CE9-795C-44B6-86AA-1DA5A1D2F3B9}
		{55B9ED13-F7F6-4A9A-9408-9C4449D50350} = {87905CE9-795C-44B6-86AA-1DA5A1D2F3B9}
		{AA29CE29-4FE9-47AB-96CB-AB7B68F42FBB} = {87905CE9-795C-44B6-86AA-1DA5A1D2F3B9}
		{A5F01152-B185-454A-B9B1-10E0E60B5C6D} = {2EBE5B3F-BD10-4056-B386-B251471D02E8}
		{1D283799-8D58-4377-BD05-383F0A2F7A73} = {87905CE9-795C-44B6-86AA-1DA5A1D2F3B9}
		{3240FED0-0230-475A-B212-2F3B3096C3AF} = {87905CE9-795C-44B6-86AA-1DA5A1D2F3B9}
	EndGlobalSection
EndGlobal
