
Microsoft Visual Studio Solution File, Format Version 12.00
# Visual Studio 15
VisualStudioVersion = 15.0.26430.14
MinimumVisualStudioVersion = 10.0.40219.1
Project("{FAE04EC0-301F-11D3-BF4B-00C04F79EFBC}") = "RucheHome.Talker", "src\RucheHome.Talker\RucheHome.Talker.csproj", "{44F2FF62-F248-4B1A-9F9E-1CEEFDE5E6E6}"
EndProject
Project("{2150E333-8FDC-42A3-9474-1A3956D46DE8}") = "src", "src", "{87905CE9-795C-44B6-86AA-1DA5A1D2F3B9}"
EndProject
Project("{2150E333-8FDC-42A3-9474-1A3956D46DE8}") = "test", "test", "{2EBE5B3F-BD10-4056-B386-B251471D02E8}"
EndProject
Project("{2150E333-8FDC-42A3-9474-1A3956D46DE8}") = "lib", "lib", "{6222A11A-73C4-45E3-A902-8B48580E0847}"
EndProject
Project("{FAE04EC0-301F-11D3-BF4B-00C04F79EFBC}") = "RucheHomeLib", "lib\RucheHomeLib\RucheHomeLib.csproj", "{DF1B25FE-0FDF-4C86-A779-AFF5217A7C6B}"
EndProject
Global
	GlobalSection(SolutionConfigurationPlatforms) = preSolution
		Debug|Any CPU = Debug|Any CPU
		Release|Any CPU = Release|Any CPU
	EndGlobalSection
	GlobalSection(ProjectConfigurationPlatforms) = postSolution
		{44F2FF62-F248-4B1A-9F9E-1CEEFDE5E6E6}.Debug|Any CPU.ActiveCfg = Debug|Any CPU
		{44F2FF62-F248-4B1A-9F9E-1CEEFDE5E6E6}.Debug|Any CPU.Build.0 = Debug|Any CPU
		{44F2FF62-F248-4B1A-9F9E-1CEEFDE5E6E6}.Release|Any CPU.ActiveCfg = Release|Any CPU
		{44F2FF62-F248-4B1A-9F9E-1CEEFDE5E6E6}.Release|Any CPU.Build.0 = Release|Any CPU
		{DF1B25FE-0FDF-4C86-A779-AFF5217A7C6B}.Debug|Any CPU.ActiveCfg = Debug|Any CPU
		{DF1B25FE-0FDF-4C86-A779-AFF5217A7C6B}.Debug|Any CPU.Build.0 = Debug|Any CPU
		{DF1B25FE-0FDF-4C86-A779-AFF5217A7C6B}.Release|Any CPU.ActiveCfg = Release|Any CPU
		{DF1B25FE-0FDF-4C86-A779-AFF5217A7C6B}.Release|Any CPU.Build.0 = Release|Any CPU
	EndGlobalSection
	GlobalSection(SolutionProperties) = preSolution
		HideSolutionNode = FALSE
	EndGlobalSection
	GlobalSection(NestedProjects) = preSolution
		{44F2FF62-F248-4B1A-9F9E-1CEEFDE5E6E6} = {87905CE9-795C-44B6-86AA-1DA5A1D2F3B9}
		{DF1B25FE-0FDF-4C86-A779-AFF5217A7C6B} = {6222A11A-73C4-45E3-A902-8B48580E0847}
	EndGlobalSection
EndGlobal
